
Microsoft Visual Studio Solution File, Format Version 12.00
# Visual Studio Version 17
VisualStudioVersion = 17.5.33414.496
MinimumVisualStudioVersion = 10.0.40219.1
Project("{FAE04EC0-301F-11D3-BF4B-00C04F79EFBC}") = "EntityFramework", "EntityFramework\EntityFramework.csproj", "{2D072A00-C687-44AD-AA04-035CE28B04D5}"
EndProject
Global
	GlobalSection(SolutionConfigurationPlatforms) = preSolution
		Debug|Any CPU = Debug|Any CPU
		Release|Any CPU = Release|Any CPU
	EndGlobalSection
	GlobalSection(ProjectConfigurationPlatforms) = postSolution
		{2D072A00-C687-44AD-AA04-035CE28B04D5}.Debug|Any CPU.ActiveCfg = Debug|Any CPU
		{2D072A00-C687-44AD-AA04-035CE28B04D5}.Debug|Any CPU.Build.0 = Debug|Any CPU
		{2D072A00-C687-44AD-AA04-035CE28B04D5}.Release|Any CPU.ActiveCfg = Release|Any CPU
		{2D072A00-C687-44AD-AA04-035CE28B04D5}.Release|Any CPU.Build.0 = Release|Any CPU
	EndGlobalSection
	GlobalSection(SolutionProperties) = preSolution
		HideSolutionNode = FALSE
	EndGlobalSection
	GlobalSection(ExtensibilityGlobals) = postSolution
		SolutionGuid = {61225246-F677-4522-8BE7-050552DE19CB}
	EndGlobalSection
EndGlobal
